
Microsoft Visual Studio Solution File, Format Version 12.00
# Visual Studio Version 17
VisualStudioVersion = 17.4.33213.308
MinimumVisualStudioVersion = 10.0.40219.1
Project("{9A19103F-16F7-4668-BE54-9A1E7A4F7556}") = "InMemory.Caching", "InMemory.Caching\InMemory.Caching.csproj", "{4B9F63C3-6AF7-4B3A-99FD-3F6CF01A89DA}"
EndProject
Project("{9A19103F-16F7-4668-BE54-9A1E7A4F7556}") = "Distributed.Caching", "Distributed.Caching\Distributed.Caching.csproj", "{BAA530D6-FDBF-43C3-9A8D-3A7A47D813EA}"
EndProject
Project("{FAE04EC0-301F-11D3-BF4B-00C04F79EFBC}") = "PublishConsumeExamplePublisher", "PublishConsumeExample\PublishConsumeExamplePublisher.csproj", "{9679D0A2-8C95-4B2F-AA6B-B23346FDF627}"
EndProject
Global
	GlobalSection(SolutionConfigurationPlatforms) = preSolution
		Debug|Any CPU = Debug|Any CPU
		Release|Any CPU = Release|Any CPU
	EndGlobalSection
	GlobalSection(ProjectConfigurationPlatforms) = postSolution
		{4B9F63C3-6AF7-4B3A-99FD-3F6CF01A89DA}.Debug|Any CPU.ActiveCfg = Debug|Any CPU
		{4B9F63C3-6AF7-4B3A-99FD-3F6CF01A89DA}.Debug|Any CPU.Build.0 = Debug|Any CPU
		{4B9F63C3-6AF7-4B3A-99FD-3F6CF01A89DA}.Release|Any CPU.ActiveCfg = Release|Any CPU
		{4B9F63C3-6AF7-4B3A-99FD-3F6CF01A89DA}.Release|Any CPU.Build.0 = Release|Any CPU
		{BAA530D6-FDBF-43C3-9A8D-3A7A47D813EA}.Debug|Any CPU.ActiveCfg = Debug|Any CPU
		{BAA530D6-FDBF-43C3-9A8D-3A7A47D813EA}.Debug|Any CPU.Build.0 = Debug|Any CPU
		{BAA530D6-FDBF-43C3-9A8D-3A7A47D813EA}.Release|Any CPU.ActiveCfg = Release|Any CPU
		{BAA530D6-FDBF-43C3-9A8D-3A7A47D813EA}.Release|Any CPU.Build.0 = Release|Any CPU
		{9679D0A2-8C95-4B2F-AA6B-B23346FDF627}.Debug|Any CPU.ActiveCfg = Debug|Any CPU
		{9679D0A2-8C95-4B2F-AA6B-B23346FDF627}.Debug|Any CPU.Build.0 = Debug|Any CPU
		{9679D0A2-8C95-4B2F-AA6B-B23346FDF627}.Release|Any CPU.ActiveCfg = Release|Any CPU
		{9679D0A2-8C95-4B2F-AA6B-B23346FDF627}.Release|Any CPU.Build.0 = Release|Any CPU
	EndGlobalSection
	GlobalSection(SolutionProperties) = preSolution
		HideSolutionNode = FALSE
	EndGlobalSection
	GlobalSection(ExtensibilityGlobals) = postSolution
		SolutionGuid = {F0F207D5-7B04-4565-8DFA-D49BD6C7D280}
	EndGlobalSection
EndGlobal
